
Microsoft Visual Studio Solution File, Format Version 12.00
# Visual Studio 14
VisualStudioVersion = 14.0.23107.0
MinimumVisualStudioVersion = 10.0.40219.1
Project("{FAE04EC0-301F-11D3-BF4B-00C04F79EFBC}") = "UI", "UI\UI.csproj", "{554F632B-8CFB-4D89-BAA8-C0DB22B02E5A}"
	ProjectSection(ProjectDependencies) = postProject
		{8E8A5D0F-E10A-47EC-8443-2929EE463F39} = {8E8A5D0F-E10A-47EC-8443-2929EE463F39}
	EndProjectSection
EndProject
Project("{FAE04EC0-301F-11D3-BF4B-00C04F79EFBC}") = "BLL", "BLL\BLL.csproj", "{546C3B67-B789-4ECB-83AF-15751F0A2AF7}"
EndProject
Project("{FAE04EC0-301F-11D3-BF4B-00C04F79EFBC}") = "Services", "Services\Services.csproj", "{8E8A5D0F-E10A-47EC-8443-2929EE463F39}"
EndProject
Project("{FAE04EC0-301F-11D3-BF4B-00C04F79EFBC}") = "BLLTest", "BLLTest\BLLTest.csproj", "{F2F3C309-EF9A-40DA-83B7-D438C3F6B36F}"
EndProject
Global
	GlobalSection(SolutionConfigurationPlatforms) = preSolution
		Debug|Any CPU = Debug|Any CPU
		Release|Any CPU = Release|Any CPU
	EndGlobalSection
	GlobalSection(ProjectConfigurationPlatforms) = postSolution
		{554F632B-8CFB-4D89-BAA8-C0DB22B02E5A}.Debug|Any CPU.ActiveCfg = Debug|Any CPU
		{554F632B-8CFB-4D89-BAA8-C0DB22B02E5A}.Debug|Any CPU.Build.0 = Debug|Any CPU
		{554F632B-8CFB-4D89-BAA8-C0DB22B02E5A}.Release|Any CPU.ActiveCfg = Release|Any CPU
		{554F632B-8CFB-4D89-BAA8-C0DB22B02E5A}.Release|Any CPU.Build.0 = Release|Any CPU
		{546C3B67-B789-4ECB-83AF-15751F0A2AF7}.Debug|Any CPU.ActiveCfg = Debug|Any CPU
		{546C3B67-B789-4ECB-83AF-15751F0A2AF7}.Debug|Any CPU.Build.0 = Debug|Any CPU
		{546C3B67-B789-4ECB-83AF-15751F0A2AF7}.Release|Any CPU.ActiveCfg = Release|Any CPU
		{546C3B67-B789-4ECB-83AF-15751F0A2AF7}.Release|Any CPU.Build.0 = Release|Any CPU
		{8E8A5D0F-E10A-47EC-8443-2929EE463F39}.Debug|Any CPU.ActiveCfg = Debug|Any CPU
		{8E8A5D0F-E10A-47EC-8443-2929EE463F39}.Debug|Any CPU.Build.0 = Debug|Any CPU
		{8E8A5D0F-E10A-47EC-8443-2929EE463F39}.Release|Any CPU.ActiveCfg = Release|Any CPU
		{8E8A5D0F-E10A-47EC-8443-2929EE463F39}.Release|Any CPU.Build.0 = Release|Any CPU
		{F2F3C309-EF9A-40DA-83B7-D438C3F6B36F}.Debug|Any CPU.ActiveCfg = Debug|Any CPU
		{F2F3C309-EF9A-40DA-83B7-D438C3F6B36F}.Debug|Any CPU.Build.0 = Debug|Any CPU
		{F2F3C309-EF9A-40DA-83B7-D438C3F6B36F}.Release|Any CPU.ActiveCfg = Release|Any CPU
		{F2F3C309-EF9A-40DA-83B7-D438C3F6B36F}.Release|Any CPU.Build.0 = Release|Any CPU
	EndGlobalSection
	GlobalSection(SolutionProperties) = preSolution
		HideSolutionNode = FALSE
	EndGlobalSection
EndGlobal
